
Microsoft Visual Studio Solution File, Format Version 12.00
# Visual Studio Version 17
VisualStudioVersion = 17.7.34202.233
MinimumVisualStudioVersion = 10.0.40219.1
Project("{FAE04EC0-301F-11D3-BF4B-00C04F79EFBC}") = "ServerApp", "ServerApp\ServerApp.csproj", "{1BA0967E-A9F7-442E-B585-A08B434DBCAE}"
EndProject
Project("{FAE04EC0-301F-11D3-BF4B-00C04F79EFBC}") = "ClientApp", "ClientApp\ClientApp.csproj", "{0C5A45D0-23D2-41D5-85FA-2BA9A0E70DFD}"
EndProject
Global
	GlobalSection(SolutionConfigurationPlatforms) = preSolution
		Debug|Any CPU = Debug|Any CPU
		Release|Any CPU = Release|Any CPU
	EndGlobalSection
	GlobalSection(ProjectConfigurationPlatforms) = postSolution
		{1BA0967E-A9F7-442E-B585-A08B434DBCAE}.Debug|Any CPU.ActiveCfg = Debug|Any CPU
		{1BA0967E-A9F7-442E-B585-A08B434DBCAE}.Debug|Any CPU.Build.0 = Debug|Any CPU
		{1BA0967E-A9F7-442E-B585-A08B434DBCAE}.Release|Any CPU.ActiveCfg = Release|Any CPU
		{1BA0967E-A9F7-442E-B585-A08B434DBCAE}.Release|Any CPU.Build.0 = Release|Any CPU
		{0C5A45D0-23D2-41D5-85FA-2BA9A0E70DFD}.Debug|Any CPU.ActiveCfg = Debug|Any CPU
		{0C5A45D0-23D2-41D5-85FA-2BA9A0E70DFD}.Debug|Any CPU.Build.0 = Debug|Any CPU
		{0C5A45D0-23D2-41D5-85FA-2BA9A0E70DFD}.Release|Any CPU.ActiveCfg = Release|Any CPU
		{0C5A45D0-23D2-41D5-85FA-2BA9A0E70DFD}.Release|Any CPU.Build.0 = Release|Any CPU
	EndGlobalSection
	GlobalSection(SolutionProperties) = preSolution
		HideSolutionNode = FALSE
	EndGlobalSection
	GlobalSection(ExtensibilityGlobals) = postSolution
		SolutionGuid = {6A9FF954-E531-4042-8901-6FDA1DF877C3}
	EndGlobalSection
EndGlobal
